
Microsoft Visual Studio Solution File, Format Version 12.00
# Visual Studio Version 17
VisualStudioVersion = 17.4.33110.190
MinimumVisualStudioVersion = 10.0.40219.1
Project("{FAE04EC0-301F-11D3-BF4B-00C04F79EFBC}") = "csharp-oop-shop-3", "csharp-oop-shop-3\csharp-oop-shop-3.csproj", "{4A6B8A26-15AD-4305-BB03-A239D6BDF9D9}"
EndProject
Global
	GlobalSection(SolutionConfigurationPlatforms) = preSolution
		Debug|Any CPU = Debug|Any CPU
		Release|Any CPU = Release|Any CPU
	EndGlobalSection
	GlobalSection(ProjectConfigurationPlatforms) = postSolution
		{4A6B8A26-15AD-4305-BB03-A239D6BDF9D9}.Debug|Any CPU.ActiveCfg = Debug|Any CPU
		{4A6B8A26-15AD-4305-BB03-A239D6BDF9D9}.Debug|Any CPU.Build.0 = Debug|Any CPU
		{4A6B8A26-15AD-4305-BB03-A239D6BDF9D9}.Release|Any CPU.ActiveCfg = Release|Any CPU
		{4A6B8A26-15AD-4305-BB03-A239D6BDF9D9}.Release|Any CPU.Build.0 = Release|Any CPU
	EndGlobalSection
	GlobalSection(SolutionProperties) = preSolution
		HideSolutionNode = FALSE
	EndGlobalSection
	GlobalSection(ExtensibilityGlobals) = postSolution
		SolutionGuid = {A32AC30E-CE7B-4BB5-88F6-F4A862873840}
	EndGlobalSection
EndGlobal
